
Microsoft Visual Studio Solution File, Format Version 12.00
# Visual Studio Version 17
VisualStudioVersion = 17.0.31912.275
MinimumVisualStudioVersion = 10.0.40219.1
Project("{9A19103F-16F7-4668-BE54-9A1E7A4F7556}") = "Aspcorepipe", "Aspcorepipe\Aspcorepipe.csproj", "{77A05013-F3B1-4571-B261-3042A72A9F67}"
EndProject
Project("{2150E333-8FDC-42A3-9474-1A3956D46DE8}") = "Solution Items", "Solution Items", "{8605D672-8688-4F36-A737-86B2406D27C7}"
	ProjectSection(SolutionItems) = preProject
		.gitignore = .gitignore
		buildspec.yml = buildspec.yml
	EndProjectSection
EndProject
Global
	GlobalSection(SolutionConfigurationPlatforms) = preSolution
		Debug|Any CPU = Debug|Any CPU
		Release|Any CPU = Release|Any CPU
	EndGlobalSection
	GlobalSection(ProjectConfigurationPlatforms) = postSolution
		{77A05013-F3B1-4571-B261-3042A72A9F67}.Debug|Any CPU.ActiveCfg = Debug|Any CPU
		{77A05013-F3B1-4571-B261-3042A72A9F67}.Debug|Any CPU.Build.0 = Debug|Any CPU
		{77A05013-F3B1-4571-B261-3042A72A9F67}.Release|Any CPU.ActiveCfg = Release|Any CPU
		{77A05013-F3B1-4571-B261-3042A72A9F67}.Release|Any CPU.Build.0 = Release|Any CPU
	EndGlobalSection
	GlobalSection(SolutionProperties) = preSolution
		HideSolutionNode = FALSE
	EndGlobalSection
	GlobalSection(ExtensibilityGlobals) = postSolution
		SolutionGuid = {906B7A0E-9227-4D0E-9D09-5384F9F27647}
	EndGlobalSection
EndGlobal
